// !$*UTF8*$!
{
	archiveVersion = 1;
	classes = {
	};
	objectVersion = 46;
	objects = {

/* Begin PBXBuildFile section */
		584BC69F1EB44EB0003BC055 /* main.m in Sources */ = {isa = PBXBuildFile; fileRef = 584BC69E1EB44EB0003BC055 /* main.m */; };
		584BC6A21EB44EB0003BC055 /* AppDelegate.m in Sources */ = {isa = PBXBuildFile; fileRef = 584BC6A11EB44EB0003BC055 /* AppDelegate.m */; };
		584BC6A51EB44EB0003BC055 /* ViewController.m in Sources */ = {isa = PBXBuildFile; fileRef = 584BC6A41EB44EB0003BC055 /* ViewController.m */; };
		584BC6AA1EB44EB0003BC055 /* Assets.xcassets in Resources */ = {isa = PBXBuildFile; fileRef = 584BC6A91EB44EB0003BC055 /* Assets.xcassets */; };
		584BC6AD1EB44EB0003BC055 /* LaunchScreen.storyboard in Resources */ = {isa = PBXBuildFile; fileRef = 584BC6AB1EB44EB0003BC055 /* LaunchScreen.storyboard */; };
		584BC6B71EB44F84003BC055 /* ZKDownloader.m in Sources */ = {isa = PBXBuildFile; fileRef = 584BC6B61EB44F84003BC055 /* ZKDownloader.m */; };
		584BC6BB1EB45202003BC055 /* ZKFileTool.m in Sources */ = {isa = PBXBuildFile; fileRef = 584BC6BA1EB45202003BC055 /* ZKFileTool.m */; };
/* End PBXBuildFile section */

/* Begin PBXFileReference section */
		584BC69A1EB44EB0003BC055 /* ZKStreamMediaUtil.app */ = {isa = PBXFileReference; explicitFileType = wrapper.application; includeInIndex = 0; path = ZKStreamMediaUtil.app; sourceTree = BUILT_PRODUCTS_DIR; };
		584BC69E1EB44EB0003BC055 /* main.m */ = {isa = PBXFileReference; lastKnownFileType = sourcecode.c.objc; path = main.m; sourceTree = "<group>"; };
		584BC6A01EB44EB0003BC055 /* AppDelegate.h */ = {isa = PBXFileReference; lastKnownFileType = sourcecode.c.h; path = AppDelegate.h; sourceTree = "<group>"; };
		584BC6A11EB44EB0003BC055 /* AppDelegate.m */ = {isa = PBXFileReference; lastKnownFileType = sourcecode.c.objc; path = AppDelegate.m; sourceTree = "<group>"; };
		584BC6A31EB44EB0003BC055 /* ViewController.h */ = {isa = PBXFileReference; lastKnownFileType = sourcecode.c.h; path = ViewController.h; sourceTree = "<group>"; };
		584BC6A41EB44EB0003BC055 /* ViewController.m */ = {isa = PBXFileReference; lastKnownFileType = sourcecode.c.objc; path = ViewController.m; sourceTree = "<group>"; };
		584BC6A91EB44EB0003BC055 /* Assets.xcassets */ = {isa = PBXFileReference; lastKnownFileType = folder.assetcatalog; path = Assets.xcassets; sourceTree = "<group>"; };
		584BC6AC1EB44EB0003BC055 /* Base */ = {isa = PBXFileReference; lastKnownFileType = file.storyboard; name = Base; path = Base.lproj/LaunchScreen.storyboard; sourceTree = "<group>"; };
		584BC6AE1EB44EB0003BC055 /* Info.plist */ = {isa = PBXFileReference; lastKnownFileType = text.plist.xml; path = Info.plist; sourceTree = "<group>"; };
		584BC6B51EB44F84003BC055 /* ZKDownloader.h */ = {isa = PBXFileReference; fileEncoding = 4; lastKnownFileType = sourcecode.c.h; path = ZKDownloader.h; sourceTree = "<group>"; };
		584BC6B61EB44F84003BC055 /* ZKDownloader.m */ = {isa = PBXFileReference; fileEncoding = 4; lastKnownFileType = sourcecode.c.objc; path = ZKDownloader.m; sourceTree = "<group>"; };
		584BC6B81EB45055003BC055 /* ZKGlobalHeader.h */ = {isa = PBXFileReference; lastKnownFileType = sourcecode.c.h; path = ZKGlobalHeader.h; sourceTree = "<group>"; };
		584BC6B91EB45202003BC055 /* ZKFileTool.h */ = {isa = PBXFileReference; fileEncoding = 4; lastKnownFileType = sourcecode.c.h; path = ZKFileTool.h; sourceTree = "<group>"; };
		584BC6BA1EB45202003BC055 /* ZKFileTool.m */ = {isa = PBXFileReference; fileEncoding = 4; lastKnownFileType = sourcecode.c.objc; path = ZKFileTool.m; sourceTree = "<group>"; };
/* End PBXFileReference section */

/* Begin PBXFrameworksBuildPhase section */
		584BC6971EB44EB0003BC055 /* Frameworks */ = {
			isa = PBXFrameworksBuildPhase;
			buildActionMask = 2147483647;
			files = (
			);
			runOnlyForDeploymentPostprocessing = 0;
		};
/* End PBXFrameworksBuildPhase section */

/* Begin PBXGroup section */
		584BC6911EB44EB0003BC055 = {
			isa = PBXGroup;
			children = (
				584BC69C1EB44EB0003BC055 /* ZKStreamMediaUtil */,
				584BC69B1EB44EB0003BC055 /* Products */,
			);
			sourceTree = "<group>";
		};
		584BC69B1EB44EB0003BC055 /* Products */ = {
			isa = PBXGroup;
			children = (
				584BC69A1EB44EB0003BC055 /* ZKStreamMediaUtil.app */,
			);
			name = Products;
			sourceTree = "<group>";
		};
		584BC69C1EB44EB0003BC055 /* ZKStreamMediaUtil */ = {
			isa = PBXGroup;
			children = (
				584BC6A01EB44EB0003BC055 /* AppDelegate.h */,
				584BC6A11EB44EB0003BC055 /* AppDelegate.m */,
				584BC6A31EB44EB0003BC055 /* ViewController.h */,
				584BC6A41EB44EB0003BC055 /* ViewController.m */,
				584BC6B41EB44F68003BC055 /* ZKStreamMediaUtil */,
				584BC69D1EB44EB0003BC055 /* Supporting Files */,
			);
			path = ZKStreamMediaUtil;
			sourceTree = "<group>";
		};
		584BC69D1EB44EB0003BC055 /* Supporting Files */ = {
			isa = PBXGroup;
			children = (
				584BC6A91EB44EB0003BC055 /* Assets.xcassets */,
				584BC6AB1EB44EB0003BC055 /* LaunchScreen.storyboard */,
				584BC6AE1EB44EB0003BC055 /* Info.plist */,
				584BC69E1EB44EB0003BC055 /* main.m */,
			);
			name = "Supporting Files";
			sourceTree = "<group>";
		};
		584BC6B41EB44F68003BC055 /* ZKStreamMediaUtil */ = {
			isa = PBXGroup;
			children = (
				584BC6B81EB45055003BC055 /* ZKGlobalHeader.h */,
				584BC6B51EB44F84003BC055 /* ZKDownloader.h */,
				584BC6B61EB44F84003BC055 /* ZKDownloader.m */,
				584BC6B91EB45202003BC055 /* ZKFileTool.h */,
				584BC6BA1EB45202003BC055 /* ZKFileTool.m */,
			);
			path = ZKStreamMediaUtil;
			sourceTree = "<group>";
		};
/* End PBXGroup section */

/* Begin PBXNativeTarget section */
		584BC6991EB44EB0003BC055 /* ZKStreamMediaUtil */ = {
			isa = PBXNativeTarget;
			buildConfigurationList = 584BC6B11EB44EB0003BC055 /* Build configuration list for PBXNativeTarget "ZKStreamMediaUtil" */;
			buildPhases = (
				584BC6961EB44EB0003BC055 /* Sources */,
				584BC6971EB44EB0003BC055 /* Frameworks */,
				584BC6981EB44EB0003BC055 /* Resources */,
			);
			buildRules = (
			);
			dependencies = (
			);
			name = ZKStreamMediaUtil;
			productName = ZKStreamMediaUtil;
			productReference = 584BC69A1EB44EB0003BC055 /* ZKStreamMediaUtil.app */;
			productType = "com.apple.product-type.application";
		};
/* End PBXNativeTarget section */

/* Begin PBXProject section */
		584BC6921EB44EB0003BC055 /* Project object */ = {
			isa = PBXProject;
			attributes = {
				LastUpgradeCheck = 0830;
				ORGANIZATIONNAME = ZK;
				TargetAttributes = {
					584BC6991EB44EB0003BC055 = {
						CreatedOnToolsVersion = 8.3;
						DevelopmentTeam = TE2958KSXV;
						ProvisioningStyle = Automatic;
					};
				};
			};
			buildConfigurationList = 584BC6951EB44EB0003BC055 /* Build configuration list for PBXProject "ZKStreamMediaUtil" */;
			compatibilityVersion = "Xcode 3.2";
			developmentRegion = English;
			hasScannedForEncodings = 0;
			knownRegions = (
				en,
				Base,
			);
			mainGroup = 584BC6911EB44EB0003BC055;
			productRefGroup = 584BC69B1EB44EB0003BC055 /* Products */;
			projectDirPath = "";
			projectRoot = "";
			targets = (
				584BC6991EB44EB0003BC055 /* ZKStreamMediaUtil */,
			);
		};
/* End PBXProject section */

/* Begin PBXResourcesBuildPhase section */
		584BC6981EB44EB0003BC055 /* Resources */ = {
			isa = PBXResourcesBuildPhase;
			buildActionMask = 2147483647;
			files = (
				584BC6AD1EB44EB0003BC055 /* LaunchScreen.storyboard in Resources */,
				584BC6AA1EB44EB0003BC055 /* Assets.xcassets in Resources */,
			);
			runOnlyForDeploymentPostprocessing = 0;
		};
/* End PBXResourcesBuildPhase section */

/* Begin PBXSourcesBuildPhase section */
		584BC6961EB44EB0003BC055 /* Sources */ = {
			isa = PBXSourcesBuildPhase;
			buildActionMask = 2147483647;
			files = (
				584BC6A51EB44EB0003BC055 /* ViewController.m in Sources */,
				584BC6B71EB44F84003BC055 /* ZKDownloader.m in Sources */,
				584BC6A21EB44EB0003BC055 /* AppDelegate.m in Sources */,
				584BC6BB1EB45202003BC055 /* ZKFileTool.m in Sources */,
				584BC69F1EB44EB0003BC055 /* main.m in Sources */,
			);
			runOnlyForDeploymentPostprocessing = 0;
		};
/* End PBXSourcesBuildPhase section */

/* Begin PBXVariantGroup section */
		584BC6AB1EB44EB0003BC055 /* LaunchScreen.storyboard */ = {
			isa = PBXVariantGroup;
			children = (
				584BC6AC1EB44EB0003BC055 /* Base */,
			);
			name = LaunchScreen.storyboard;
			sourceTree = "<group>";
		};
/* End PBXVariantGroup section */

/* Begin XCBuildConfiguration section */
		584BC6AF1EB44EB0003BC055 /* Debug */ = {
			isa = XCBuildConfiguration;
			buildSettings = {
				ALWAYS_SEARCH_USER_PATHS = NO;
				CLANG_ANALYZER_NONNULL = YES;
				CLANG_ANALYZER_NUMBER_OBJECT_CONVERSION = YES_AGGRESSIVE;
				CLANG_CXX_LANGUAGE_STANDARD = "gnu++0x";
				CLANG_CXX_LIBRARY = "libc++";
				CLANG_ENABLE_MODULES = YES;
				CLANG_ENABLE_OBJC_ARC = YES;
				CLANG_WARN_BOOL_CONVERSION = YES;
				CLANG_WARN_CONSTANT_CONVERSION = YES;
				CLANG_WARN_DIRECT_OBJC_ISA_USAGE = YES_ERROR;
				CLANG_WARN_DOCUMENTATION_COMMENTS = YES;
				CLANG_WARN_EMPTY_BODY = YES;
				CLANG_WARN_ENUM_CONVERSION = YES;
				CLANG_WARN_INFINITE_RECURSION = YES;
				CLANG_WARN_INT_CONVERSION = YES;
				CLANG_WARN_OBJC_ROOT_CLASS = YES_ERROR;
				CLANG_WARN_SUSPICIOUS_MOVE = YES;
				CLANG_WARN_UNREACHABLE_CODE = YES;
				CLANG_WARN__DUPLICATE_METHOD_MATCH = YES;
				"CODE_SIGN_IDENTITY[sdk=iphoneos*]" = "iPhone Developer";
				COPY_PHASE_STRIP = NO;
				DEBUG_INFORMATION_FORMAT = dwarf;
				ENABLE_STRICT_OBJC_MSGSEND = YES;
				ENABLE_TESTABILITY = YES;
				GCC_C_LANGUAGE_STANDARD = gnu99;
				GCC_DYNAMIC_NO_PIC = NO;
				GCC_NO_COMMON_BLOCKS = YES;
				GCC_OPTIMIZATION_LEVEL = 0;
				GCC_PREPROCESSOR_DEFINITIONS = (
					"DEBUG=1",
					"$(inherited)",
				);
				GCC_WARN_64_TO_32_BIT_CONVERSION = YES;
				GCC_WARN_ABOUT_RETURN_TYPE = YES_ERROR;
				GCC_WARN_UNDECLARED_SELECTOR = YES;
				GCC_WARN_UNINITIALIZED_AUTOS = YES_AGGRESSIVE;
				GCC_WARN_UNUSED_FUNCTION = YES;
				GCC_WARN_UNUSED_VARIABLE = YES;
				IPHONEOS_DEPLOYMENT_TARGET = 10.3;
				MTL_ENABLE_DEBUG_INFO = YES;
				ONLY_ACTIVE_ARCH = YES;
				SDKROOT = iphoneos;
			};
			name = Debug;
		};
		584BC6B01EB44EB0003BC055 /* Release */ = {
			isa = XCBuildConfiguration;
			buildSettings = {
				ALWAYS_SEARCH_USER_PATHS = NO;
				CLANG_ANALYZER_NONNULL = YES;
				CLANG_ANALYZER_NUMBER_OBJECT_CONVERSION = YES_AGGRESSIVE;
				CLANG_CXX_LANGUAGE_STANDARD = "gnu++0x";
				CLANG_CXX_LIBRARY = "libc++";
				CLANG_ENABLE_MODULES = YES;
				CLANG_ENABLE_OBJC_ARC = YES;
				CLANG_WARN_BOOL_CONVERSION = YES;
				CLANG_WARN_CONSTANT_CONVERSION = YES;
				CLANG_WARN_DIRECT_OBJC_ISA_USAGE = YES_ERROR;
				CLANG_WARN_DOCUMENTATION_COMMENTS = YES;
				CLANG_WARN_EMPTY_BODY = YES;
				CLANG_WARN_ENUM_CONVERSION = YES;
				CLANG_WARN_INFINITE_RECURSION = YES;
				CLANG_WARN_INT_CONVERSION = YES;
				CLANG_WARN_OBJC_ROOT_CLASS = YES_ERROR;
				CLANG_WARN_SUSPICIOUS_MOVE = YES;
				CLANG_WARN_UNREACHABLE_CODE = YES;
				CLANG_WARN__DUPLICATE_METHOD_MATCH = YES;
				"CODE_SIGN_IDENTITY[sdk=iphoneos*]" = "iPhone Developer";
				COPY_PHASE_STRIP = NO;
				DEBUG_INFORMATION_FORMAT = "dwarf-with-dsym";
				ENABLE_NS_ASSERTIONS = NO;
				ENABLE_STRICT_OBJC_MSGSEND = YES;
				GCC_C_LANGUAGE_STANDARD = gnu99;
				GCC_NO_COMMON_BLOCKS = YES;
				GCC_WARN_64_TO_32_BIT_CONVERSION = YES;
				GCC_WARN_ABOUT_RETURN_TYPE = YES_ERROR;
				GCC_WARN_UNDECLARED_SELECTOR = YES;
				GCC_WARN_UNINITIALIZED_AUTOS = YES_AGGRESSIVE;
				GCC_WARN_UNUSED_FUNCTION = YES;
				GCC_WARN_UNUSED_VARIABLE = YES;
				IPHONEOS_DEPLOYMENT_TARGET = 10.3;
				MTL_ENABLE_DEBUG_INFO = NO;
				SDKROOT = iphoneos;
				VALIDATE_PRODUCT = YES;
			};
			name = Release;
		};
		584BC6B21EB44EB0003BC055 /* Debug */ = {
			isa = XCBuildConfiguration;
			buildSettings = {
				ASSETCATALOG_COMPILER_APPICON_NAME = AppIcon;
				DEVELOPMENT_TEAM = TE2958KSXV;
				INFOPLIST_FILE = ZKStreamMediaUtil/Info.plist;
				IPHONEOS_DEPLOYMENT_TARGET = 8.0;
				LD_RUNPATH_SEARCH_PATHS = "$(inherited) @executable_path/Frameworks";
				PRODUCT_BUNDLE_IDENTIFIER = com.zk.ZKStreamMediaUtil;
				PRODUCT_NAME = "$(TARGET_NAME)";
			};
			name = Debug;
		};
		584BC6B31EB44EB0003BC055 /* Release */ = {
			isa = XCBuildConfiguration;
			buildSettings = {
				ASSETCATALOG_COMPILER_APPICON_NAME = AppIcon;
				DEVELOPMENT_TEAM = TE2958KSXV;
				INFOPLIST_FILE = ZKStreamMediaUtil/Info.plist;
				IPHONEOS_DEPLOYMENT_TARGET = 8.0;
				LD_RUNPATH_SEARCH_PATHS = "$(inherited) @executable_path/Frameworks";
				PRODUCT_BUNDLE_IDENTIFIER = com.zk.ZKStreamMediaUtil;
				PRODUCT_NAME = "$(TARGET_NAME)";
			};
			name = Release;
		};
/* End XCBuildConfiguration section */

/* Begin XCConfigurationList section */
		584BC6951EB44EB0003BC055 /* Build configuration list for PBXProject "ZKStreamMediaUtil" */ = {
			isa = XCConfigurationList;
			buildConfigurations = (
				584BC6AF1EB44EB0003BC055 /* Debug */,
				584BC6B01EB44EB0003BC055 /* Release */,
			);
			defaultConfigurationIsVisible = 0;
			defaultConfigurationName = Release;
		};
		584BC6B11EB44EB0003BC055 /* Build configuration list for PBXNativeTarget "ZKStreamMediaUtil" */ = {
			isa = XCConfigurationList;
			buildConfigurations = (
				584BC6B21EB44EB0003BC055 /* Debug */,
				584BC6B31EB44EB0003BC055 /* Release */,
			);
			defaultConfigurationIsVisible = 0;
		};
/* End XCConfigurationList section */
	};
	rootObject = 584BC6921EB44EB0003BC055 /* Project object */;
}
